// !$*UTF8*$!
{
	archiveVersion = 1;
	classes = {
	};
	objectVersion = 56;
	objects = {

/* Begin PBXBuildFile section */
		20604AE82B6A50AE009EA900 /* AppDelegate.swift in Sources */ = {isa = PBXBuildFile; fileRef = 20604AE72B6A50AE009EA900 /* AppDelegate.swift */; };
		20604AEA2B6A50AE009EA900 /* SceneDelegate.swift in Sources */ = {isa = PBXBuildFile; fileRef = 20604AE92B6A50AE009EA900 /* SceneDelegate.swift */; };
		20604AEC2B6A50AE009EA900 /* ViewController.swift in Sources */ = {isa = PBXBuildFile; fileRef = 20604AEB2B6A50AE009EA900 /* ViewController.swift */; };
		20604AEF2B6A50AE009EA900 /* Main.storyboard in Resources */ = {isa = PBXBuildFile; fileRef = 20604AED2B6A50AE009EA900 /* Main.storyboard */; };
		20604AF12B6A50AF009EA900 /* Assets.xcassets in Resources */ = {isa = PBXBuildFile; fileRef = 20604AF02B6A50AF009EA900 /* Assets.xcassets */; };
		20604AF42B6A50AF009EA900 /* LaunchScreen.storyboard in Resources */ = {isa = PBXBuildFile; fileRef = 20604AF22B6A50AF009EA900 /* LaunchScreen.storyboard */; };
		20604AFC2B6A531E009EA900 /* WeatherData.swift in Sources */ = {isa = PBXBuildFile; fileRef = 20604AFB2B6A531E009EA900 /* WeatherData.swift */; };
		20604AFE2B6A5330009EA900 /* LocationData.swift in Sources */ = {isa = PBXBuildFile; fileRef = 20604AFD2B6A5330009EA900 /* LocationData.swift */; };
		20604B002B6A5341009EA900 /* CurrentData.swift in Sources */ = {isa = PBXBuildFile; fileRef = 20604AFF2B6A5341009EA900 /* CurrentData.swift */; };
/* End PBXBuildFile section */

/* Begin PBXFileReference section */
		20604AE42B6A50AE009EA900 /* WeatherUpdateApp.app */ = {isa = PBXFileReference; explicitFileType = wrapper.application; includeInIndex = 0; path = WeatherUpdateApp.app; sourceTree = BUILT_PRODUCTS_DIR; };
		20604AE72B6A50AE009EA900 /* AppDelegate.swift */ = {isa = PBXFileReference; lastKnownFileType = sourcecode.swift; path = AppDelegate.swift; sourceTree = "<group>"; };
		20604AE92B6A50AE009EA900 /* SceneDelegate.swift */ = {isa = PBXFileReference; lastKnownFileType = sourcecode.swift; path = SceneDelegate.swift; sourceTree = "<group>"; };
		20604AEB2B6A50AE009EA900 /* ViewController.swift */ = {isa = PBXFileReference; lastKnownFileType = sourcecode.swift; path = ViewController.swift; sourceTree = "<group>"; };
		20604AEE2B6A50AE009EA900 /* Base */ = {isa = PBXFileReference; lastKnownFileType = file.storyboard; name = Base; path = Base.lproj/Main.storyboard; sourceTree = "<group>"; };
		20604AF02B6A50AF009EA900 /* Assets.xcassets */ = {isa = PBXFileReference; lastKnownFileType = folder.assetcatalog; path = Assets.xcassets; sourceTree = "<group>"; };
		20604AF32B6A50AF009EA900 /* Base */ = {isa = PBXFileReference; lastKnownFileType = file.storyboard; name = Base; path = Base.lproj/LaunchScreen.storyboard; sourceTree = "<group>"; };
		20604AF52B6A50AF009EA900 /* Info.plist */ = {isa = PBXFileReference; lastKnownFileType = text.plist.xml; path = Info.plist; sourceTree = "<group>"; };
		20604AFB2B6A531E009EA900 /* WeatherData.swift */ = {isa = PBXFileReference; lastKnownFileType = sourcecode.swift; path = WeatherData.swift; sourceTree = "<group>"; };
		20604AFD2B6A5330009EA900 /* LocationData.swift */ = {isa = PBXFileReference; lastKnownFileType = sourcecode.swift; path = LocationData.swift; sourceTree = "<group>"; };
		20604AFF2B6A5341009EA900 /* CurrentData.swift */ = {isa = PBXFileReference; lastKnownFileType = sourcecode.swift; path = CurrentData.swift; sourceTree = "<group>"; };
/* End PBXFileReference section */

/* Begin PBXFrameworksBuildPhase section */
		20604AE12B6A50AE009EA900 /* Frameworks */ = {
			isa = PBXFrameworksBuildPhase;
			buildActionMask = 2147483647;
			files = (
			);
			runOnlyForDeploymentPostprocessing = 0;
		};
/* End PBXFrameworksBuildPhase section */

/* Begin PBXGroup section */
		20604ADB2B6A50AE009EA900 = {
			isa = PBXGroup;
			children = (
				20604AE62B6A50AE009EA900 /* WeatherUpdateApp */,
				20604AE52B6A50AE009EA900 /* Products */,
			);
			sourceTree = "<group>";
		};
		20604AE52B6A50AE009EA900 /* Products */ = {
			isa = PBXGroup;
			children = (
				20604AE42B6A50AE009EA900 /* WeatherUpdateApp.app */,
			);
			name = Products;
			sourceTree = "<group>";
		};
		20604AE62B6A50AE009EA900 /* WeatherUpdateApp */ = {
			isa = PBXGroup;
			children = (
				20604AE72B6A50AE009EA900 /* AppDelegate.swift */,
				20604AE92B6A50AE009EA900 /* SceneDelegate.swift */,
				20604AEB2B6A50AE009EA900 /* ViewController.swift */,
				20604AED2B6A50AE009EA900 /* Main.storyboard */,
				20604AF02B6A50AF009EA900 /* Assets.xcassets */,
				20604AF22B6A50AF009EA900 /* LaunchScreen.storyboard */,
				20604AF52B6A50AF009EA900 /* Info.plist */,
				20604AFB2B6A531E009EA900 /* WeatherData.swift */,
				20604AFD2B6A5330009EA900 /* LocationData.swift */,
				20604AFF2B6A5341009EA900 /* CurrentData.swift */,
			);
			path = WeatherUpdateApp;
			sourceTree = "<group>";
		};
/* End PBXGroup section */

/* Begin PBXNativeTarget section */
		20604AE32B6A50AE009EA900 /* WeatherUpdateApp */ = {
			isa = PBXNativeTarget;
			buildConfigurationList = 20604AF82B6A50AF009EA900 /* Build configuration list for PBXNativeTarget "WeatherUpdateApp" */;
			buildPhases = (
				20604AE02B6A50AE009EA900 /* Sources */,
				20604AE12B6A50AE009EA900 /* Frameworks */,
				20604AE22B6A50AE009EA900 /* Resources */,
			);
			buildRules = (
			);
			dependencies = (
			);
			name = WeatherUpdateApp;
			productName = WeatherUpdateApp;
			productReference = 20604AE42B6A50AE009EA900 /* WeatherUpdateApp.app */;
			productType = "com.apple.product-type.application";
		};
/* End PBXNativeTarget section */

/* Begin PBXProject section */
		20604ADC2B6A50AE009EA900 /* Project object */ = {
			isa = PBXProject;
			attributes = {
				BuildIndependentTargetsInParallel = 1;
				LastSwiftUpdateCheck = 1500;
				LastUpgradeCheck = 1500;
				TargetAttributes = {
					20604AE32B6A50AE009EA900 = {
						CreatedOnToolsVersion = 15.0.1;
					};
				};
			};
			buildConfigurationList = 20604ADF2B6A50AE009EA900 /* Build configuration list for PBXProject "WeatherUpdateApp" */;
			compatibilityVersion = "Xcode 14.0";
			developmentRegion = en;
			hasScannedForEncodings = 0;
			knownRegions = (
				en,
				Base,
			);
			mainGroup = 20604ADB2B6A50AE009EA900;
			productRefGroup = 20604AE52B6A50AE009EA900 /* Products */;
			projectDirPath = "";
			projectRoot = "";
			targets = (
				20604AE32B6A50AE009EA900 /* WeatherUpdateApp */,
			);
		};
/* End PBXProject section */

/* Begin PBXResourcesBuildPhase section */
		20604AE22B6A50AE009EA900 /* Resources */ = {
			isa = PBXResourcesBuildPhase;
			buildActionMask = 2147483647;
			files = (
				20604AF42B6A50AF009EA900 /* LaunchScreen.storyboard in Resources */,
				20604AF12B6A50AF009EA900 /* Assets.xcassets in Resources */,
				20604AEF2B6A50AE009EA900 /* Main.storyboard in Resources */,
			);
			runOnlyForDeploymentPostprocessing = 0;
		};
/* End PBXResourcesBuildPhase section */

/* Begin PBXSourcesBuildPhase section */
		20604AE02B6A50AE009EA900 /* Sources */ = {
			isa = PBXSourcesBuildPhase;
			buildActionMask = 2147483647;
			files = (
				20604AEC2B6A50AE009EA900 /* ViewController.swift in Sources */,
				20604B002B6A5341009EA900 /* CurrentData.swift in Sources */,
				20604AE82B6A50AE009EA900 /* AppDelegate.swift in Sources */,
				20604AFC2B6A531E009EA900 /* WeatherData.swift in Sources */,
				20604AEA2B6A50AE009EA900 /* SceneDelegate.swift in Sources */,
				20604AFE2B6A5330009EA900 /* LocationData.swift in Sources */,
			);
			runOnlyForDeploymentPostprocessing = 0;
		};
/* End PBXSourcesBuildPhase section */

/* Begin PBXVariantGroup section */
		20604AED2B6A50AE009EA900 /* Main.storyboard */ = {
			isa = PBXVariantGroup;
			children = (
				20604AEE2B6A50AE009EA900 /* Base */,
			);
			name = Main.storyboard;
			sourceTree = "<group>";
		};
		20604AF22B6A50AF009EA900 /* LaunchScreen.storyboard */ = {
			isa = PBXVariantGroup;
			children = (
				20604AF32B6A50AF009EA900 /* Base */,
			);
			name = LaunchScreen.storyboard;
			sourceTree = "<group>";
		};
/* End PBXVariantGroup section */

/* Begin XCBuildConfiguration section */
		20604AF62B6A50AF009EA900 /* Debug */ = {
			isa = XCBuildConfiguration;
			buildSettings = {
				ALWAYS_SEARCH_USER_PATHS = NO;
				ASSETCATALOG_COMPILER_GENERATE_SWIFT_ASSET_SYMBOL_EXTENSIONS = YES;
				CLANG_ANALYZER_NONNULL = YES;
				CLANG_ANALYZER_NUMBER_OBJECT_CONVERSION = YES_AGGRESSIVE;
				CLANG_CXX_LANGUAGE_STANDARD = "gnu++20";
				CLANG_ENABLE_MODULES = YES;
				CLANG_ENABLE_OBJC_ARC = YES;
				CLANG_ENABLE_OBJC_WEAK = YES;
				CLANG_WARN_BLOCK_CAPTURE_AUTORELEASING = YES;
				CLANG_WARN_BOOL_CONVERSION = YES;
				CLANG_WARN_COMMA = YES;
				CLANG_WARN_CONSTANT_CONVERSION = YES;
				CLANG_WARN_DEPRECATED_OBJC_IMPLEMENTATIONS = YES;
				CLANG_WARN_DIRECT_OBJC_ISA_USAGE = YES_ERROR;
				CLANG_WARN_DOCUMENTATION_COMMENTS = YES;
				CLANG_WARN_EMPTY_BODY = YES;
				CLANG_WARN_ENUM_CONVERSION = YES;
				CLANG_WARN_INFINITE_RECURSION = YES;
				CLANG_WARN_INT_CONVERSION = YES;
				CLANG_WARN_NON_LITERAL_NULL_CONVERSION = YES;
				CLANG_WARN_OBJC_IMPLICIT_RETAIN_SELF = YES;
				CLANG_WARN_OBJC_LITERAL_CONVERSION = YES;
				CLANG_WARN_OBJC_ROOT_CLASS = YES_ERROR;
				CLANG_WARN_QUOTED_INCLUDE_IN_FRAMEWORK_HEADER = YES;
				CLANG_WARN_RANGE_LOOP_ANALYSIS = YES;
				CLANG_WARN_STRICT_PROTOTYPES = YES;
				CLANG_WARN_SUSPICIOUS_MOVE = YES;
				CLANG_WARN_UNGUARDED_AVAILABILITY = YES_AGGRESSIVE;
				CLANG_WARN_UNREACHABLE_CODE = YES;
				CLANG_WARN__DUPLICATE_METHOD_MATCH = YES;
				COPY_PHASE_STRIP = NO;
				DEBUG_INFORMATION_FORMAT = dwarf;
				ENABLE_STRICT_OBJC_MSGSEND = YES;
				ENABLE_TESTABILITY = YES;
				ENABLE_USER_SCRIPT_SANDBOXING = YES;
				GCC_C_LANGUAGE_STANDARD = gnu17;
				GCC_DYNAMIC_NO_PIC = NO;
				GCC_NO_COMMON_BLOCKS = YES;
				GCC_OPTIMIZATION_LEVEL = 0;
				GCC_PREPROCESSOR_DEFINITIONS = (
					"DEBUG=1",
					"$(inherited)",
				);
				GCC_WARN_64_TO_32_BIT_CONVERSION = YES;
				GCC_WARN_ABOUT_RETURN_TYPE = YES_ERROR;
				GCC_WARN_UNDECLARED_SELECTOR = YES;
				GCC_WARN_UNINITIALIZED_AUTOS = YES_AGGRESSIVE;
				GCC_WARN_UNUSED_FUNCTION = YES;
				GCC_WARN_UNUSED_VARIABLE = YES;
				IPHONEOS_DEPLOYMENT_TARGET = 17.0;
				LOCALIZATION_PREFERS_STRING_CATALOGS = YES;
				MTL_ENABLE_DEBUG_INFO = INCLUDE_SOURCE;
				MTL_FAST_MATH = YES;
				ONLY_ACTIVE_ARCH = YES;
				SDKROOT = iphoneos;
				SWIFT_ACTIVE_COMPILATION_CONDITIONS = "DEBUG $(inherited)";
				SWIFT_OPTIMIZATION_LEVEL = "-Onone";
			};
			name = Debug;
		};
		20604AF72B6A50AF009EA900 /* Release */ = {
			isa = XCBuildConfiguration;
			buildSettings = {
				ALWAYS_SEARCH_USER_PATHS = NO;
				ASSETCATALOG_COMPILER_GENERATE_SWIFT_ASSET_SYMBOL_EXTENSIONS = YES;
				CLANG_ANALYZER_NONNULL = YES;
				CLANG_ANALYZER_NUMBER_OBJECT_CONVERSION = YES_AGGRESSIVE;
				CLANG_CXX_LANGUAGE_STANDARD = "gnu++20";
				CLANG_ENABLE_MODULES = YES;
				CLANG_ENABLE_OBJC_ARC = YES;
				CLANG_ENABLE_OBJC_WEAK = YES;
				CLANG_WARN_BLOCK_CAPTURE_AUTORELEASING = YES;
				CLANG_WARN_BOOL_CONVERSION = YES;
				CLANG_WARN_COMMA = YES;
				CLANG_WARN_CONSTANT_CONVERSION = YES;
				CLANG_WARN_DEPRECATED_OBJC_IMPLEMENTATIONS = YES;
				CLANG_WARN_DIRECT_OBJC_ISA_USAGE = YES_ERROR;
				CLANG_WARN_DOCUMENTATION_COMMENTS = YES;
				CLANG_WARN_EMPTY_BODY = YES;
				CLANG_WARN_ENUM_CONVERSION = YES;
				CLANG_WARN_INFINITE_RECURSION = YES;
				CLANG_WARN_INT_CONVERSION = YES;
				CLANG_WARN_NON_LITERAL_NULL_CONVERSION = YES;
				CLANG_WARN_OBJC_IMPLICIT_RETAIN_SELF = YES;
				CLANG_WARN_OBJC_LITERAL_CONVERSION = YES;
				CLANG_WARN_OBJC_ROOT_CLASS = YES_ERROR;
				CLANG_WARN_QUOTED_INCLUDE_IN_FRAMEWORK_HEADER = YES;
				CLANG_WARN_RANGE_LOOP_ANALYSIS = YES;
				CLANG_WARN_STRICT_PROTOTYPES = YES;
				CLANG_WARN_SUSPICIOUS_MOVE = YES;
				CLANG_WARN_UNGUARDED_AVAILABILITY = YES_AGGRESSIVE;
				CLANG_WARN_UNREACHABLE_CODE = YES;
				CLANG_WARN__DUPLICATE_METHOD_MATCH = YES;
				COPY_PHASE_STRIP = NO;
				DEBUG_INFORMATION_FORMAT = "dwarf-with-dsym";
				ENABLE_NS_ASSERTIONS = NO;
				ENABLE_STRICT_OBJC_MSGSEND = YES;
				ENABLE_USER_SCRIPT_SANDBOXING = YES;
				GCC_C_LANGUAGE_STANDARD = gnu17;
				GCC_NO_COMMON_BLOCKS = YES;
				GCC_WARN_64_TO_32_BIT_CONVERSION = YES;
				GCC_WARN_ABOUT_RETURN_TYPE = YES_ERROR;
				GCC_WARN_UNDECLARED_SELECTOR = YES;
				GCC_WARN_UNINITIALIZED_AUTOS = YES_AGGRESSIVE;
				GCC_WARN_UNUSED_FUNCTION = YES;
				GCC_WARN_UNUSED_VARIABLE = YES;
				IPHONEOS_DEPLOYMENT_TARGET = 17.0;
				LOCALIZATION_PREFERS_STRING_CATALOGS = YES;
				MTL_ENABLE_DEBUG_INFO = NO;
				MTL_FAST_MATH = YES;
				SDKROOT = iphoneos;
				SWIFT_COMPILATION_MODE = wholemodule;
				VALIDATE_PRODUCT = YES;
			};
			name = Release;
		};
		20604AF92B6A50AF009EA900 /* Debug */ = {
			isa = XCBuildConfiguration;
			buildSettings = {
				ASSETCATALOG_COMPILER_APPICON_NAME = AppIcon;
				ASSETCATALOG_COMPILER_GLOBAL_ACCENT_COLOR_NAME = AccentColor;
				CODE_SIGN_STYLE = Automatic;
				CURRENT_PROJECT_VERSION = 1;
				GENERATE_INFOPLIST_FILE = YES;
				INFOPLIST_FILE = WeatherUpdateApp/Info.plist;
				INFOPLIST_KEY_UIApplicationSupportsIndirectInputEvents = YES;
				INFOPLIST_KEY_UILaunchStoryboardName = LaunchScreen;
				INFOPLIST_KEY_UIMainStoryboardFile = Main;
				INFOPLIST_KEY_UISupportedInterfaceOrientations_iPad = "UIInterfaceOrientationPortrait UIInterfaceOrientationPortraitUpsideDown UIInterfaceOrientationLandscapeLeft UIInterfaceOrientationLandscapeRight";
				INFOPLIST_KEY_UISupportedInterfaceOrientations_iPhone = "UIInterfaceOrientationPortrait UIInterfaceOrientationLandscapeLeft UIInterfaceOrientationLandscapeRight";
				LD_RUNPATH_SEARCH_PATHS = (
					"$(inherited)",
					"@executable_path/Frameworks",
				);
				MARKETING_VERSION = 1.0;
				PRODUCT_BUNDLE_IDENTIFIER = com.spk.WeatherUpdateApp;
				PRODUCT_NAME = "$(TARGET_NAME)";
				SWIFT_EMIT_LOC_STRINGS = YES;
				SWIFT_VERSION = 5.0;
				TARGETED_DEVICE_FAMILY = "1,2";
			};
			name = Debug;
		};
		20604AFA2B6A50AF009EA900 /* Release */ = {
			isa = XCBuildConfiguration;
			buildSettings = {
				ASSETCATALOG_COMPILER_APPICON_NAME = AppIcon;
				ASSETCATALOG_COMPILER_GLOBAL_ACCENT_COLOR_NAME = AccentColor;
				CODE_SIGN_STYLE = Automatic;
				CURRENT_PROJECT_VERSION = 1;
				GENERATE_INFOPLIST_FILE = YES;
				INFOPLIST_FILE = WeatherUpdateApp/Info.plist;
				INFOPLIST_KEY_UIApplicationSupportsIndirectInputEvents = YES;
				INFOPLIST_KEY_UILaunchStoryboardName = LaunchScreen;
				INFOPLIST_KEY_UIMainStoryboardFile = Main;
				INFOPLIST_KEY_UISupportedInterfaceOrientations_iPad = "UIInterfaceOrientationPortrait UIInterfaceOrientationPortraitUpsideDown UIInterfaceOrientationLandscapeLeft UIInterfaceOrientationLandscapeRight";
				INFOPLIST_KEY_UISupportedInterfaceOrientations_iPhone = "UIInterfaceOrientationPortrait UIInterfaceOrientationLandscapeLeft UIInterfaceOrientationLandscapeRight";
				LD_RUNPATH_SEARCH_PATHS = (
					"$(inherited)",
					"@executable_path/Frameworks",
				);
				MARKETING_VERSION = 1.0;
				PRODUCT_BUNDLE_IDENTIFIER = com.spk.WeatherUpdateApp;
				PRODUCT_NAME = "$(TARGET_NAME)";
				SWIFT_EMIT_LOC_STRINGS = YES;
				SWIFT_VERSION = 5.0;
				TARGETED_DEVICE_FAMILY = "1,2";
			};
			name = Release;
		};
/* End XCBuildConfiguration section */

/* Begin XCConfigurationList section */
		20604ADF2B6A50AE009EA900 /* Build configuration list for PBXProject "WeatherUpdateApp" */ = {
			isa = XCConfigurationList;
			buildConfigurations = (
				20604AF62B6A50AF009EA900 /* Debug */,
				20604AF72B6A50AF009EA900 /* Release */,
			);
			defaultConfigurationIsVisible = 0;
			defaultConfigurationName = Release;
		};
		20604AF82B6A50AF009EA900 /* Build configuration list for PBXNativeTarget "WeatherUpdateApp" */ = {
			isa = XCConfigurationList;
			buildConfigurations = (
				20604AF92B6A50AF009EA900 /* Debug */,
				20604AFA2B6A50AF009EA900 /* Release */,
			);
			defaultConfigurationIsVisible = 0;
			defaultConfigurationName = Release;
		};
/* End XCConfigurationList section */
	};
	rootObject = 20604ADC2B6A50AE009EA900 /* Project object */;
}
